{
    "_readme": [
        "This file locks the dependencies of your project to a known state",
        "Read more about it at http://getcomposer.org/doc/01-basic-usage.md#composer-lock-the-lock-file"
    ],
    "hash": "192bc81b91137ee04e7188ccda7d7491",
    "packages": [
        {
            "name": "axy/backtrace",
            "version": "0.0.2",
            "source": {
                "type": "git",
                "url": "https://github.com/axypro/backtrace.git",
                "reference": "514731778a3ea793c4e0aeb9f9710b32b4c558a6"
            },
            "dist": {
                "type": "zip",
                "url": "https://api.github.com/repos/axypro/backtrace/zipball/514731778a3ea793c4e0aeb9f9710b32b4c558a6",
                "reference": "514731778a3ea793c4e0aeb9f9710b32b4c558a6",
                "shasum": ""
            },
            "require": {
                "php": ">=5.4.0"
            },
            "type": "library",
            "autoload": {
                "psr-4": {
                    "axy\\backtrace\\": ""
                }
            },
            "notification-url": "https://packagist.org/downloads/",
            "license": [
                "MIT"
            ],
            "authors": [
                {
                    "name": "Oleg Grigoriev",
                    "email": "go.vasac@gmail.com"
                }
            ],
            "description": "Tracing in PHP",
            "homepage": "https://github.com/axypro/backtrace",
            "keywords": [
                "Backtrace",
                "debug",
                "exception",
                "trace"
            ],
            "time": "2014-01-24 08:29:56"
        }
    ],
    "packages-dev": [

    ],
    "aliases": [

    ],
    "minimum-stability": "stable",
    "stability-flags": [

    ],
    "platform": {
        "php": ">=5.4.0"
    },
    "platform-dev": [

    ]
}
